
Microsoft Visual Studio Solution File, Format Version 12.00
# Visual Studio Version 17
VisualStudioVersion = 17.0.31903.59
MinimumVisualStudioVersion = 10.0.40219.1
Project("{2150E333-8FDC-42A3-9474-1A3956D46DE8}") = "src", "src", "{D21BDAF7-1452-424B-AB59-F3999B4D1E28}"
EndProject
Project("{FAE04EC0-301F-11D3-BF4B-00C04F79EFBC}") = "VDisplay.Core", "src\VDisplay.Core\VDisplay.Core.csproj", "{C3B86A02-F7D5-428E-977F-AFD6E9D6E5BD}"
EndProject
Project("{FAE04EC0-301F-11D3-BF4B-00C04F79EFBC}") = "VDisplay.Service", "src\VDisplay.Service\VDisplay.Service.csproj", "{921CC1BA-54D0-46BB-8368-C7685657F8DB}"
EndProject
Project("{FAE04EC0-301F-11D3-BF4B-00C04F79EFBC}") = "VDisplay.App", "src\VDisplay.App\VDisplay.App.csproj", "{D8EAA2A4-EC5F-4E3D-85BE-B77933E3F97B}"
EndProject
Project("{FAE04EC0-301F-11D3-BF4B-00C04F79EFBC}") = "VDisplay.Cli", "src\VDisplay.Cli\VDisplay.Cli.csproj", "{A4B1C2D3-E5F6-7890-ABCD-123456789ABC}"
EndProject
Project("{FAE04EC0-301F-11D3-BF4B-00C04F79EFBC}") = "VDisplay.Tray", "src\VDisplay.Tray\VDisplay.Tray.csproj", "{B5C2D3E4-F6A7-8901-BCDE-234567890DEF}"
EndProject
Project("{FAE04EC0-301F-11D3-BF4B-00C04F79EFBC}") = "VDisplay.Capture", "src\VDisplay.Capture\VDisplay.Capture.csproj", "{C9A99177-E5B7-4C81-9AB2-DE9E4DAA8820}"
EndProject
Project("{FAE04EC0-301F-11D3-BF4B-00C04F79EFBC}") = "VDisplay.Helper", "src\VDisplay.Helper\VDisplay.Helper.csproj", "{A9EED6C1-F593-48C9-A8B6-CF5A703BC3A1}"
EndProject
Global
	GlobalSection(SolutionConfigurationPlatforms) = preSolution
		Debug|Any CPU = Debug|Any CPU
		Debug|x64 = Debug|x64
		Debug|x86 = Debug|x86
		Release|Any CPU = Release|Any CPU
		Release|x64 = Release|x64
		Release|x86 = Release|x86
	EndGlobalSection
	GlobalSection(ProjectConfigurationPlatforms) = postSolution
		{C3B86A02-F7D5-428E-977F-AFD6E9D6E5BD}.Debug|Any CPU.ActiveCfg = Debug|Any CPU
		{C3B86A02-F7D5-428E-977F-AFD6E9D6E5BD}.Debug|Any CPU.Build.0 = Debug|Any CPU
		{C3B86A02-F7D5-428E-977F-AFD6E9D6E5BD}.Debug|x64.ActiveCfg = Debug|Any CPU
		{C3B86A02-F7D5-428E-977F-AFD6E9D6E5BD}.Debug|x64.Build.0 = Debug|Any CPU
		{C3B86A02-F7D5-428E-977F-AFD6E9D6E5BD}.Debug|x86.ActiveCfg = Debug|Any CPU
		{C3B86A02-F7D5-428E-977F-AFD6E9D6E5BD}.Debug|x86.Build.0 = Debug|Any CPU
		{C3B86A02-F7D5-428E-977F-AFD6E9D6E5BD}.Release|Any CPU.ActiveCfg = Release|Any CPU
		{C3B86A02-F7D5-428E-977F-AFD6E9D6E5BD}.Release|Any CPU.Build.0 = Release|Any CPU
		{C3B86A02-F7D5-428E-977F-AFD6E9D6E5BD}.Release|x64.ActiveCfg = Release|Any CPU
		{C3B86A02-F7D5-428E-977F-AFD6E9D6E5BD}.Release|x64.Build.0 = Release|Any CPU
		{C3B86A02-F7D5-428E-977F-AFD6E9D6E5BD}.Release|x86.ActiveCfg = Release|Any CPU
		{C3B86A02-F7D5-428E-977F-AFD6E9D6E5BD}.Release|x86.Build.0 = Release|Any CPU
		{921CC1BA-54D0-46BB-8368-C7685657F8DB}.Debug|Any CPU.ActiveCfg = Debug|Any CPU
		{921CC1BA-54D0-46BB-8368-C7685657F8DB}.Debug|Any CPU.Build.0 = Debug|Any CPU
		{921CC1BA-54D0-46BB-8368-C7685657F8DB}.Debug|x64.ActiveCfg = Debug|Any CPU
		{921CC1BA-54D0-46BB-8368-C7685657F8DB}.Debug|x64.Build.0 = Debug|Any CPU
		{921CC1BA-54D0-46BB-8368-C7685657F8DB}.Debug|x86.ActiveCfg = Debug|Any CPU
		{921CC1BA-54D0-46BB-8368-C7685657F8DB}.Debug|x86.Build.0 = Debug|Any CPU
		{921CC1BA-54D0-46BB-8368-C7685657F8DB}.Release|Any CPU.ActiveCfg = Release|Any CPU
		{921CC1BA-54D0-46BB-8368-C7685657F8DB}.Release|Any CPU.Build.0 = Release|Any CPU
		{921CC1BA-54D0-46BB-8368-C7685657F8DB}.Release|x64.ActiveCfg = Release|Any CPU
		{921CC1BA-54D0-46BB-8368-C7685657F8DB}.Release|x64.Build.0 = Release|Any CPU
		{921CC1BA-54D0-46BB-8368-C7685657F8DB}.Release|x86.ActiveCfg = Release|Any CPU
		{921CC1BA-54D0-46BB-8368-C7685657F8DB}.Release|x86.Build.0 = Release|Any CPU
		{D8EAA2A4-EC5F-4E3D-85BE-B77933E3F97B}.Debug|Any CPU.ActiveCfg = Debug|x64
		{D8EAA2A4-EC5F-4E3D-85BE-B77933E3F97B}.Debug|Any CPU.Build.0 = Debug|x64
		{D8EAA2A4-EC5F-4E3D-85BE-B77933E3F97B}.Debug|x64.ActiveCfg = Debug|Any CPU
		{D8EAA2A4-EC5F-4E3D-85BE-B77933E3F97B}.Debug|x64.Build.0 = Debug|Any CPU
		{D8EAA2A4-EC5F-4E3D-85BE-B77933E3F97B}.Debug|x86.ActiveCfg = Debug|Any CPU
		{D8EAA2A4-EC5F-4E3D-85BE-B77933E3F97B}.Debug|x86.Build.0 = Debug|Any CPU
		{D8EAA2A4-EC5F-4E3D-85BE-B77933E3F97B}.Release|Any CPU.ActiveCfg = Release|x64
		{D8EAA2A4-EC5F-4E3D-85BE-B77933E3F97B}.Release|Any CPU.Build.0 = Release|x64
		{D8EAA2A4-EC5F-4E3D-85BE-B77933E3F97B}.Release|x64.ActiveCfg = Release|Any CPU
		{D8EAA2A4-EC5F-4E3D-85BE-B77933E3F97B}.Release|x64.Build.0 = Release|Any CPU
		{D8EAA2A4-EC5F-4E3D-85BE-B77933E3F97B}.Release|x86.ActiveCfg = Release|Any CPU
		{D8EAA2A4-EC5F-4E3D-85BE-B77933E3F97B}.Release|x86.Build.0 = Release|Any CPU
		{A4B1C2D3-E5F6-7890-ABCD-123456789ABC}.Debug|Any CPU.ActiveCfg = Debug|Any CPU
		{A4B1C2D3-E5F6-7890-ABCD-123456789ABC}.Debug|Any CPU.Build.0 = Debug|Any CPU
		{A4B1C2D3-E5F6-7890-ABCD-123456789ABC}.Debug|x64.ActiveCfg = Debug|Any CPU
		{A4B1C2D3-E5F6-7890-ABCD-123456789ABC}.Debug|x64.Build.0 = Debug|Any CPU
		{A4B1C2D3-E5F6-7890-ABCD-123456789ABC}.Debug|x86.ActiveCfg = Debug|Any CPU
		{A4B1C2D3-E5F6-7890-ABCD-123456789ABC}.Debug|x86.Build.0 = Debug|Any CPU
		{A4B1C2D3-E5F6-7890-ABCD-123456789ABC}.Release|Any CPU.ActiveCfg = Release|Any CPU
		{A4B1C2D3-E5F6-7890-ABCD-123456789ABC}.Release|Any CPU.Build.0 = Release|Any CPU
		{A4B1C2D3-E5F6-7890-ABCD-123456789ABC}.Release|x64.ActiveCfg = Release|Any CPU
		{A4B1C2D3-E5F6-7890-ABCD-123456789ABC}.Release|x64.Build.0 = Release|Any CPU
		{A4B1C2D3-E5F6-7890-ABCD-123456789ABC}.Release|x86.ActiveCfg = Release|Any CPU
		{A4B1C2D3-E5F6-7890-ABCD-123456789ABC}.Release|x86.Build.0 = Release|Any CPU
		{B5C2D3E4-F6A7-8901-BCDE-234567890DEF}.Debug|Any CPU.ActiveCfg = Debug|Any CPU
		{B5C2D3E4-F6A7-8901-BCDE-234567890DEF}.Debug|Any CPU.Build.0 = Debug|Any CPU
		{B5C2D3E4-F6A7-8901-BCDE-234567890DEF}.Debug|x64.ActiveCfg = Debug|Any CPU
		{B5C2D3E4-F6A7-8901-BCDE-234567890DEF}.Debug|x64.Build.0 = Debug|Any CPU
		{B5C2D3E4-F6A7-8901-BCDE-234567890DEF}.Debug|x86.ActiveCfg = Debug|Any CPU
		{B5C2D3E4-F6A7-8901-BCDE-234567890DEF}.Debug|x86.Build.0 = Debug|Any CPU
		{B5C2D3E4-F6A7-8901-BCDE-234567890DEF}.Release|Any CPU.ActiveCfg = Release|Any CPU
		{B5C2D3E4-F6A7-8901-BCDE-234567890DEF}.Release|Any CPU.Build.0 = Release|Any CPU
		{B5C2D3E4-F6A7-8901-BCDE-234567890DEF}.Release|x64.ActiveCfg = Release|Any CPU
		{B5C2D3E4-F6A7-8901-BCDE-234567890DEF}.Release|x64.Build.0 = Release|Any CPU
		{B5C2D3E4-F6A7-8901-BCDE-234567890DEF}.Release|x86.ActiveCfg = Release|Any CPU
		{B5C2D3E4-F6A7-8901-BCDE-234567890DEF}.Release|x86.Build.0 = Release|Any CPU
		{C9A99177-E5B7-4C81-9AB2-DE9E4DAA8820}.Debug|Any CPU.ActiveCfg = Debug|Any CPU
		{C9A99177-E5B7-4C81-9AB2-DE9E4DAA8820}.Debug|Any CPU.Build.0 = Debug|Any CPU
		{C9A99177-E5B7-4C81-9AB2-DE9E4DAA8820}.Debug|x64.ActiveCfg = Debug|Any CPU
		{C9A99177-E5B7-4C81-9AB2-DE9E4DAA8820}.Debug|x64.Build.0 = Debug|Any CPU
		{C9A99177-E5B7-4C81-9AB2-DE9E4DAA8820}.Debug|x86.ActiveCfg = Debug|Any CPU
		{C9A99177-E5B7-4C81-9AB2-DE9E4DAA8820}.Debug|x86.Build.0 = Debug|Any CPU
		{C9A99177-E5B7-4C81-9AB2-DE9E4DAA8820}.Release|Any CPU.ActiveCfg = Release|Any CPU
		{C9A99177-E5B7-4C81-9AB2-DE9E4DAA8820}.Release|Any CPU.Build.0 = Release|Any CPU
		{C9A99177-E5B7-4C81-9AB2-DE9E4DAA8820}.Release|x64.ActiveCfg = Release|Any CPU
		{C9A99177-E5B7-4C81-9AB2-DE9E4DAA8820}.Release|x64.Build.0 = Release|Any CPU
		{C9A99177-E5B7-4C81-9AB2-DE9E4DAA8820}.Release|x86.ActiveCfg = Release|Any CPU
		{C9A99177-E5B7-4C81-9AB2-DE9E4DAA8820}.Release|x86.Build.0 = Release|Any CPU
		{A9EED6C1-F593-48C9-A8B6-CF5A703BC3A1}.Debug|Any CPU.ActiveCfg = Debug|Any CPU
		{A9EED6C1-F593-48C9-A8B6-CF5A703BC3A1}.Debug|Any CPU.Build.0 = Debug|Any CPU
		{A9EED6C1-F593-48C9-A8B6-CF5A703BC3A1}.Debug|x64.ActiveCfg = Debug|Any CPU
		{A9EED6C1-F593-48C9-A8B6-CF5A703BC3A1}.Debug|x64.Build.0 = Debug|Any CPU
		{A9EED6C1-F593-48C9-A8B6-CF5A703BC3A1}.Debug|x86.ActiveCfg = Debug|Any CPU
		{A9EED6C1-F593-48C9-A8B6-CF5A703BC3A1}.Debug|x86.Build.0 = Debug|Any CPU
		{A9EED6C1-F593-48C9-A8B6-CF5A703BC3A1}.Release|Any CPU.ActiveCfg = Release|Any CPU
		{A9EED6C1-F593-48C9-A8B6-CF5A703BC3A1}.Release|Any CPU.Build.0 = Release|Any CPU
		{A9EED6C1-F593-48C9-A8B6-CF5A703BC3A1}.Release|x64.ActiveCfg = Release|Any CPU
		{A9EED6C1-F593-48C9-A8B6-CF5A703BC3A1}.Release|x64.Build.0 = Release|Any CPU
		{A9EED6C1-F593-48C9-A8B6-CF5A703BC3A1}.Release|x86.ActiveCfg = Release|Any CPU
		{A9EED6C1-F593-48C9-A8B6-CF5A703BC3A1}.Release|x86.Build.0 = Release|Any CPU
	EndGlobalSection
	GlobalSection(SolutionProperties) = preSolution
		HideSolutionNode = FALSE
	EndGlobalSection
	GlobalSection(NestedProjects) = preSolution
		{C3B86A02-F7D5-428E-977F-AFD6E9D6E5BD} = {D21BDAF7-1452-424B-AB59-F3999B4D1E28}
		{921CC1BA-54D0-46BB-8368-C7685657F8DB} = {D21BDAF7-1452-424B-AB59-F3999B4D1E28}
		{D8EAA2A4-EC5F-4E3D-85BE-B77933E3F97B} = {D21BDAF7-1452-424B-AB59-F3999B4D1E28}
		{A4B1C2D3-E5F6-7890-ABCD-123456789ABC} = {D21BDAF7-1452-424B-AB59-F3999B4D1E28}
		{B5C2D3E4-F6A7-8901-BCDE-234567890DEF} = {D21BDAF7-1452-424B-AB59-F3999B4D1E28}
		{C9A99177-E5B7-4C81-9AB2-DE9E4DAA8820} = {D21BDAF7-1452-424B-AB59-F3999B4D1E28}
		{A9EED6C1-F593-48C9-A8B6-CF5A703BC3A1} = {D21BDAF7-1452-424B-AB59-F3999B4D1E28}
	EndGlobalSection
EndGlobal
